// !$*UTF8*$!
{
	archiveVersion = 1;
	classes = {
	};
	objectVersion = 46;
	objects = {

/* Begin PBXBuildFile section */
		38F2AA431677066D0029ADA7 /* UIKit.framework in Frameworks */ = {isa = PBXBuildFile; fileRef = 38F2AA421677066D0029ADA7 /* UIKit.framework */; };
		38F2AA451677066D0029ADA7 /* Foundation.framework in Frameworks */ = {isa = PBXBuildFile; fileRef = 38F2AA441677066D0029ADA7 /* Foundation.framework */; };
		38F2AA471677066D0029ADA7 /* CoreGraphics.framework in Frameworks */ = {isa = PBXBuildFile; fileRef = 38F2AA461677066D0029ADA7 /* CoreGraphics.framework */; };
		38F2AA4D1677066D0029ADA7 /* InfoPlist.strings in Resources */ = {isa = PBXBuildFile; fileRef = 38F2AA4B1677066D0029ADA7 /* InfoPlist.strings */; };
		38F2AA4F1677066D0029ADA7 /* main.m in Sources */ = {isa = PBXBuildFile; fileRef = 38F2AA4E1677066D0029ADA7 /* main.m */; };
		38F2AA531677066D0029ADA7 /* ABAppDelegate.m in Sources */ = {isa = PBXBuildFile; fileRef = 38F2AA521677066D0029ADA7 /* ABAppDelegate.m */; };
		38F2AA551677066D0029ADA7 /* Default.png in Resources */ = {isa = PBXBuildFile; fileRef = 38F2AA541677066D0029ADA7 /* Default.png */; };
		38F2AA571677066D0029ADA7 /* Default@2x.png in Resources */ = {isa = PBXBuildFile; fileRef = 38F2AA561677066D0029ADA7 /* Default@2x.png */; };
		38F2AA591677066D0029ADA7 /* Default-568h@2x.png in Resources */ = {isa = PBXBuildFile; fileRef = 38F2AA581677066D0029ADA7 /* Default-568h@2x.png */; };
		38F2AA5C1677066D0029ADA7 /* ABViewController.m in Sources */ = {isa = PBXBuildFile; fileRef = 38F2AA5B1677066D0029ADA7 /* ABViewController.m */; };
		38F2AA5F1677066D0029ADA7 /* ABViewController_iPhone.xib in Resources */ = {isa = PBXBuildFile; fileRef = 38F2AA5D1677066D0029ADA7 /* ABViewController_iPhone.xib */; };
		38F2AA621677066D0029ADA7 /* ABViewController_iPad.xib in Resources */ = {isa = PBXBuildFile; fileRef = 38F2AA601677066D0029ADA7 /* ABViewController_iPad.xib */; };
		38F2AA6B1677079C0029ADA7 /* ListMenuButton.m in Sources */ = {isa = PBXBuildFile; fileRef = 38F2AA6A1677079C0029ADA7 /* ListMenuButton.m */; };
/* End PBXBuildFile section */

/* Begin PBXFileReference section */
		38F2AA3E1677066D0029ADA7 /* DemoListMenuButton.app */ = {isa = PBXFileReference; explicitFileType = wrapper.application; includeInIndex = 0; path = DemoListMenuButton.app; sourceTree = BUILT_PRODUCTS_DIR; };
		38F2AA421677066D0029ADA7 /* UIKit.framework */ = {isa = PBXFileReference; lastKnownFileType = wrapper.framework; name = UIKit.framework; path = System/Library/Frameworks/UIKit.framework; sourceTree = SDKROOT; };
		38F2AA441677066D0029ADA7 /* Foundation.framework */ = {isa = PBXFileReference; lastKnownFileType = wrapper.framework; name = Foundation.framework; path = System/Library/Frameworks/Foundation.framework; sourceTree = SDKROOT; };
		38F2AA461677066D0029ADA7 /* CoreGraphics.framework */ = {isa = PBXFileReference; lastKnownFileType = wrapper.framework; name = CoreGraphics.framework; path = System/Library/Frameworks/CoreGraphics.framework; sourceTree = SDKROOT; };
		38F2AA4A1677066D0029ADA7 /* DemoListMenuButton-Info.plist */ = {isa = PBXFileReference; lastKnownFileType = text.plist.xml; path = "DemoListMenuButton-Info.plist"; sourceTree = "<group>"; };
		38F2AA4C1677066D0029ADA7 /* en */ = {isa = PBXFileReference; lastKnownFileType = text.plist.strings; name = en; path = en.lproj/InfoPlist.strings; sourceTree = "<group>"; };
		38F2AA4E1677066D0029ADA7 /* main.m */ = {isa = PBXFileReference; lastKnownFileType = sourcecode.c.objc; path = main.m; sourceTree = "<group>"; };
		38F2AA501677066D0029ADA7 /* DemoListMenuButton-Prefix.pch */ = {isa = PBXFileReference; lastKnownFileType = sourcecode.c.h; path = "DemoListMenuButton-Prefix.pch"; sourceTree = "<group>"; };
		38F2AA511677066D0029ADA7 /* ABAppDelegate.h */ = {isa = PBXFileReference; lastKnownFileType = sourcecode.c.h; path = ABAppDelegate.h; sourceTree = "<group>"; };
		38F2AA521677066D0029ADA7 /* ABAppDelegate.m */ = {isa = PBXFileReference; lastKnownFileType = sourcecode.c.objc; path = ABAppDelegate.m; sourceTree = "<group>"; };
		38F2AA541677066D0029ADA7 /* Default.png */ = {isa = PBXFileReference; lastKnownFileType = image.png; path = Default.png; sourceTree = "<group>"; };
		38F2AA561677066D0029ADA7 /* Default@2x.png */ = {isa = PBXFileReference; lastKnownFileType = image.png; path = "Default@2x.png"; sourceTree = "<group>"; };
		38F2AA581677066D0029ADA7 /* Default-568h@2x.png */ = {isa = PBXFileReference; lastKnownFileType = image.png; path = "Default-568h@2x.png"; sourceTree = "<group>"; };
		38F2AA5A1677066D0029ADA7 /* ABViewController.h */ = {isa = PBXFileReference; lastKnownFileType = sourcecode.c.h; path = ABViewController.h; sourceTree = "<group>"; };
		38F2AA5B1677066D0029ADA7 /* ABViewController.m */ = {isa = PBXFileReference; lastKnownFileType = sourcecode.c.objc; path = ABViewController.m; sourceTree = "<group>"; };
		38F2AA5E1677066D0029ADA7 /* en */ = {isa = PBXFileReference; lastKnownFileType = file.xib; name = en; path = en.lproj/ABViewController_iPhone.xib; sourceTree = "<group>"; };
		38F2AA611677066D0029ADA7 /* en */ = {isa = PBXFileReference; lastKnownFileType = file.xib; name = en; path = en.lproj/ABViewController_iPad.xib; sourceTree = "<group>"; };
		38F2AA691677079C0029ADA7 /* ListMenuButton.h */ = {isa = PBXFileReference; fileEncoding = 4; lastKnownFileType = sourcecode.c.h; name = ListMenuButton.h; path = ListMenuButton/ListMenuButton.h; sourceTree = "<group>"; };
		38F2AA6A1677079C0029ADA7 /* ListMenuButton.m */ = {isa = PBXFileReference; fileEncoding = 4; lastKnownFileType = sourcecode.c.objc; name = ListMenuButton.m; path = ListMenuButton/ListMenuButton.m; sourceTree = "<group>"; };
/* End PBXFileReference section */

/* Begin PBXFrameworksBuildPhase section */
		38F2AA3B1677066D0029ADA7 /* Frameworks */ = {
			isa = PBXFrameworksBuildPhase;
			buildActionMask = 2147483647;
			files = (
				38F2AA431677066D0029ADA7 /* UIKit.framework in Frameworks */,
				38F2AA451677066D0029ADA7 /* Foundation.framework in Frameworks */,
				38F2AA471677066D0029ADA7 /* CoreGraphics.framework in Frameworks */,
			);
			runOnlyForDeploymentPostprocessing = 0;
		};
/* End PBXFrameworksBuildPhase section */

/* Begin PBXGroup section */
		38F2AA331677066D0029ADA7 = {
			isa = PBXGroup;
			children = (
				38F2AA481677066D0029ADA7 /* DemoListMenuButton */,
				38F2AA411677066D0029ADA7 /* Frameworks */,
				38F2AA3F1677066D0029ADA7 /* Products */,
			);
			sourceTree = "<group>";
		};
		38F2AA3F1677066D0029ADA7 /* Products */ = {
			isa = PBXGroup;
			children = (
				38F2AA3E1677066D0029ADA7 /* DemoListMenuButton.app */,
			);
			name = Products;
			sourceTree = "<group>";
		};
		38F2AA411677066D0029ADA7 /* Frameworks */ = {
			isa = PBXGroup;
			children = (
				38F2AA421677066D0029ADA7 /* UIKit.framework */,
				38F2AA441677066D0029ADA7 /* Foundation.framework */,
				38F2AA461677066D0029ADA7 /* CoreGraphics.framework */,
			);
			name = Frameworks;
			sourceTree = "<group>";
		};
		38F2AA481677066D0029ADA7 /* DemoListMenuButton */ = {
			isa = PBXGroup;
			children = (
				38F2AA68167707870029ADA7 /* ListMenuButton */,
				38F2AA511677066D0029ADA7 /* ABAppDelegate.h */,
				38F2AA521677066D0029ADA7 /* ABAppDelegate.m */,
				38F2AA5A1677066D0029ADA7 /* ABViewController.h */,
				38F2AA5B1677066D0029ADA7 /* ABViewController.m */,
				38F2AA5D1677066D0029ADA7 /* ABViewController_iPhone.xib */,
				38F2AA601677066D0029ADA7 /* ABViewController_iPad.xib */,
				38F2AA491677066D0029ADA7 /* Supporting Files */,
			);
			path = DemoListMenuButton;
			sourceTree = "<group>";
		};
		38F2AA491677066D0029ADA7 /* Supporting Files */ = {
			isa = PBXGroup;
			children = (
				38F2AA4A1677066D0029ADA7 /* DemoListMenuButton-Info.plist */,
				38F2AA4B1677066D0029ADA7 /* InfoPlist.strings */,
				38F2AA4E1677066D0029ADA7 /* main.m */,
				38F2AA501677066D0029ADA7 /* DemoListMenuButton-Prefix.pch */,
				38F2AA541677066D0029ADA7 /* Default.png */,
				38F2AA561677066D0029ADA7 /* Default@2x.png */,
				38F2AA581677066D0029ADA7 /* Default-568h@2x.png */,
			);
			name = "Supporting Files";
			sourceTree = "<group>";
		};
		38F2AA68167707870029ADA7 /* ListMenuButton */ = {
			isa = PBXGroup;
			children = (
				38F2AA691677079C0029ADA7 /* ListMenuButton.h */,
				38F2AA6A1677079C0029ADA7 /* ListMenuButton.m */,
			);
			name = ListMenuButton;
			sourceTree = "<group>";
		};
/* End PBXGroup section */

/* Begin PBXNativeTarget section */
		38F2AA3D1677066D0029ADA7 /* DemoListMenuButton */ = {
			isa = PBXNativeTarget;
			buildConfigurationList = 38F2AA651677066D0029ADA7 /* Build configuration list for PBXNativeTarget "DemoListMenuButton" */;
			buildPhases = (
				38F2AA3A1677066D0029ADA7 /* Sources */,
				38F2AA3B1677066D0029ADA7 /* Frameworks */,
				38F2AA3C1677066D0029ADA7 /* Resources */,
			);
			buildRules = (
			);
			dependencies = (
			);
			name = DemoListMenuButton;
			productName = DemoListMenuButton;
			productReference = 38F2AA3E1677066D0029ADA7 /* DemoListMenuButton.app */;
			productType = "com.apple.product-type.application";
		};
/* End PBXNativeTarget section */

/* Begin PBXProject section */
		38F2AA351677066D0029ADA7 /* Project object */ = {
			isa = PBXProject;
			attributes = {
				CLASSPREFIX = AB;
				LastUpgradeCheck = 0450;
				ORGANIZATIONNAME = "Amit Battan";
			};
			buildConfigurationList = 38F2AA381677066D0029ADA7 /* Build configuration list for PBXProject "DemoListMenuButton" */;
			compatibilityVersion = "Xcode 3.2";
			developmentRegion = English;
			hasScannedForEncodings = 0;
			knownRegions = (
				en,
			);
			mainGroup = 38F2AA331677066D0029ADA7;
			productRefGroup = 38F2AA3F1677066D0029ADA7 /* Products */;
			projectDirPath = "";
			projectRoot = "";
			targets = (
				38F2AA3D1677066D0029ADA7 /* DemoListMenuButton */,
			);
		};
/* End PBXProject section */

/* Begin PBXResourcesBuildPhase section */
		38F2AA3C1677066D0029ADA7 /* Resources */ = {
			isa = PBXResourcesBuildPhase;
			buildActionMask = 2147483647;
			files = (
				38F2AA4D1677066D0029ADA7 /* InfoPlist.strings in Resources */,
				38F2AA551677066D0029ADA7 /* Default.png in Resources */,
				38F2AA571677066D0029ADA7 /* Default@2x.png in Resources */,
				38F2AA591677066D0029ADA7 /* Default-568h@2x.png in Resources */,
				38F2AA5F1677066D0029ADA7 /* ABViewController_iPhone.xib in Resources */,
				38F2AA621677066D0029ADA7 /* ABViewController_iPad.xib in Resources */,
			);
			runOnlyForDeploymentPostprocessing = 0;
		};
/* End PBXResourcesBuildPhase section */

/* Begin PBXSourcesBuildPhase section */
		38F2AA3A1677066D0029ADA7 /* Sources */ = {
			isa = PBXSourcesBuildPhase;
			buildActionMask = 2147483647;
			files = (
				38F2AA4F1677066D0029ADA7 /* main.m in Sources */,
				38F2AA531677066D0029ADA7 /* ABAppDelegate.m in Sources */,
				38F2AA5C1677066D0029ADA7 /* ABViewController.m in Sources */,
				38F2AA6B1677079C0029ADA7 /* ListMenuButton.m in Sources */,
			);
			runOnlyForDeploymentPostprocessing = 0;
		};
/* End PBXSourcesBuildPhase section */

/* Begin PBXVariantGroup section */
		38F2AA4B1677066D0029ADA7 /* InfoPlist.strings */ = {
			isa = PBXVariantGroup;
			children = (
				38F2AA4C1677066D0029ADA7 /* en */,
			);
			name = InfoPlist.strings;
			sourceTree = "<group>";
		};
		38F2AA5D1677066D0029ADA7 /* ABViewController_iPhone.xib */ = {
			isa = PBXVariantGroup;
			children = (
				38F2AA5E1677066D0029ADA7 /* en */,
			);
			name = ABViewController_iPhone.xib;
			sourceTree = "<group>";
		};
		38F2AA601677066D0029ADA7 /* ABViewController_iPad.xib */ = {
			isa = PBXVariantGroup;
			children = (
				38F2AA611677066D0029ADA7 /* en */,
			);
			name = ABViewController_iPad.xib;
			sourceTree = "<group>";
		};
/* End PBXVariantGroup section */

/* Begin XCBuildConfiguration section */
		38F2AA631677066D0029ADA7 /* Debug */ = {
			isa = XCBuildConfiguration;
			buildSettings = {
				ALWAYS_SEARCH_USER_PATHS = NO;
				CLANG_CXX_LANGUAGE_STANDARD = "gnu++0x";
				CLANG_CXX_LIBRARY = "libc++";
				CLANG_WARN_EMPTY_BODY = YES;
				CLANG_WARN__DUPLICATE_METHOD_MATCH = YES;
				"CODE_SIGN_IDENTITY[sdk=iphoneos*]" = "iPhone Developer";
				COPY_PHASE_STRIP = NO;
				GCC_C_LANGUAGE_STANDARD = gnu99;
				GCC_DYNAMIC_NO_PIC = NO;
				GCC_OPTIMIZATION_LEVEL = 0;
				GCC_PREPROCESSOR_DEFINITIONS = (
					"DEBUG=1",
					"$(inherited)",
				);
				GCC_SYMBOLS_PRIVATE_EXTERN = NO;
				GCC_WARN_ABOUT_RETURN_TYPE = YES;
				GCC_WARN_UNINITIALIZED_AUTOS = YES;
				GCC_WARN_UNUSED_VARIABLE = YES;
				IPHONEOS_DEPLOYMENT_TARGET = 6.0;
				SDKROOT = iphoneos;
				TARGETED_DEVICE_FAMILY = "1,2";
			};
			name = Debug;
		};
		38F2AA641677066D0029ADA7 /* Release */ = {
			isa = XCBuildConfiguration;
			buildSettings = {
				ALWAYS_SEARCH_USER_PATHS = NO;
				CLANG_CXX_LANGUAGE_STANDARD = "gnu++0x";
				CLANG_CXX_LIBRARY = "libc++";
				CLANG_WARN_EMPTY_BODY = YES;
				CLANG_WARN__DUPLICATE_METHOD_MATCH = YES;
				"CODE_SIGN_IDENTITY[sdk=iphoneos*]" = "iPhone Developer";
				COPY_PHASE_STRIP = YES;
				GCC_C_LANGUAGE_STANDARD = gnu99;
				GCC_WARN_ABOUT_RETURN_TYPE = YES;
				GCC_WARN_UNINITIALIZED_AUTOS = YES;
				GCC_WARN_UNUSED_VARIABLE = YES;
				IPHONEOS_DEPLOYMENT_TARGET = 6.0;
				OTHER_CFLAGS = "-DNS_BLOCK_ASSERTIONS=1";
				SDKROOT = iphoneos;
				TARGETED_DEVICE_FAMILY = "1,2";
				VALIDATE_PRODUCT = YES;
			};
			name = Release;
		};
		38F2AA661677066D0029ADA7 /* Debug */ = {
			isa = XCBuildConfiguration;
			buildSettings = {
				GCC_PRECOMPILE_PREFIX_HEADER = YES;
				GCC_PREFIX_HEADER = "DemoListMenuButton/DemoListMenuButton-Prefix.pch";
				INFOPLIST_FILE = "DemoListMenuButton/DemoListMenuButton-Info.plist";
				IPHONEOS_DEPLOYMENT_TARGET = 4.3;
				PRODUCT_NAME = "$(TARGET_NAME)";
				TARGETED_DEVICE_FAMILY = 2;
				WRAPPER_EXTENSION = app;
			};
			name = Debug;
		};
		38F2AA671677066D0029ADA7 /* Release */ = {
			isa = XCBuildConfiguration;
			buildSettings = {
				GCC_PRECOMPILE_PREFIX_HEADER = YES;
				GCC_PREFIX_HEADER = "DemoListMenuButton/DemoListMenuButton-Prefix.pch";
				INFOPLIST_FILE = "DemoListMenuButton/DemoListMenuButton-Info.plist";
				IPHONEOS_DEPLOYMENT_TARGET = 4.3;
				PRODUCT_NAME = "$(TARGET_NAME)";
				TARGETED_DEVICE_FAMILY = 2;
				WRAPPER_EXTENSION = app;
			};
			name = Release;
		};
/* End XCBuildConfiguration section */

/* Begin XCConfigurationList section */
		38F2AA381677066D0029ADA7 /* Build configuration list for PBXProject "DemoListMenuButton" */ = {
			isa = XCConfigurationList;
			buildConfigurations = (
				38F2AA631677066D0029ADA7 /* Debug */,
				38F2AA641677066D0029ADA7 /* Release */,
			);
			defaultConfigurationIsVisible = 0;
			defaultConfigurationName = Release;
		};
		38F2AA651677066D0029ADA7 /* Build configuration list for PBXNativeTarget "DemoListMenuButton" */ = {
			isa = XCConfigurationList;
			buildConfigurations = (
				38F2AA661677066D0029ADA7 /* Debug */,
				38F2AA671677066D0029ADA7 /* Release */,
			);
			defaultConfigurationIsVisible = 0;
		};
/* End XCConfigurationList section */
	};
	rootObject = 38F2AA351677066D0029ADA7 /* Project object */;
}
